
Microsoft Visual Studio Solution File, Format Version 12.00
# Visual Studio Version 17
VisualStudioVersion = 17.4.33122.133
MinimumVisualStudioVersion = 10.0.40219.1
Project("{FAE04EC0-301F-11D3-BF4B-00C04F79EFBC}") = "振興發科技_筆試", "振興發科技_筆試\振興發科技_筆試.csproj", "{AB10F14E-BCCA-47CF-93E4-CCE747131077}"
EndProject
Global
	GlobalSection(SolutionConfigurationPlatforms) = preSolution
		Debug|Any CPU = Debug|Any CPU
		Release|Any CPU = Release|Any CPU
	EndGlobalSection
	GlobalSection(ProjectConfigurationPlatforms) = postSolution
		{AB10F14E-BCCA-47CF-93E4-CCE747131077}.Debug|Any CPU.ActiveCfg = Debug|Any CPU
		{AB10F14E-BCCA-47CF-93E4-CCE747131077}.Debug|Any CPU.Build.0 = Debug|Any CPU
		{AB10F14E-BCCA-47CF-93E4-CCE747131077}.Release|Any CPU.ActiveCfg = Release|Any CPU
		{AB10F14E-BCCA-47CF-93E4-CCE747131077}.Release|Any CPU.Build.0 = Release|Any CPU
	EndGlobalSection
	GlobalSection(SolutionProperties) = preSolution
		HideSolutionNode = FALSE
	EndGlobalSection
	GlobalSection(ExtensibilityGlobals) = postSolution
		SolutionGuid = {6FB44335-7FEB-4841-BF34-714E7882800A}
	EndGlobalSection
EndGlobal
